{
  "version": 1,
  "dependencies": {
    "net8.0": {
      "Microsoft.Extensions.Hosting": {
        "type": "Direct",
        "requested": "[8.0.1, 9.0.0)",
        "resolved": "8.0.1",
        "contentHash": "bP9EEkHBEfjgYiG8nUaXqMk/ujwJrffOkNPP7onpRMO8R+OUSESSP4xHkCAXgYZ1COP2Q9lXlU5gkMFh20gRuw==",
        "dependencies": {
          "Microsoft.Extensions.Configuration": "8.0.0",
          "Microsoft.Extensions.Configuration.Abstractions": "8.0.0",
          "Microsoft.Extensions.Configuration.Binder": "8.0.2",
          "Microsoft.Extensions.Configuration.CommandLine": "8.0.0",
          "Microsoft.Extensions.Configuration.EnvironmentVariables": "8.0.0",
          "Microsoft.Extensions.Configuration.FileExtensions": "8.0.1",
          "Microsoft.Extensions.Configuration.Json": "8.0.1",
          "Microsoft.Extensions.Configuration.UserSecrets": "8.0.1",
          "Microsoft.Extensions.DependencyInjection": "8.0.1",
          "Microsoft.Extensions.DependencyInjection.Abstractions": "8.0.2",
          "Microsoft.Extensions.Diagnostics": "8.0.1",
          "Microsoft.Extensions.FileProviders.Abstractions": "8.0.0",
          "Microsoft.Extensions.FileProviders.Physical": "8.0.0",
          "Microsoft.Extensions.Hosting.Abstractions": "8.0.1",
          "Microsoft.Extensions.Logging": "8.0.1",
          "Microsoft.Extensions.Logging.Abstractions": "8.0.2",
          "Microsoft.Extensions.Logging.Configuration": "8.0.1",
          "Microsoft.Extensions.Logging.Console": "8.0.1",
          "Microsoft.Extensions.Logging.Debug": "8.0.1",
          "Microsoft.Extensions.Logging.EventLog": "8.0.1",
          "Microsoft.Extensions.Logging.EventSource": "8.0.1",
          "Microsoft.Extensions.Options": "8.0.2"
        }
      },
      "RuntimeUpgradeNotifier": {
        "type": "Direct",
        "requested": "[1.0.1, )",
        "resolved": "1.0.1",
        "contentHash": "fp5rTVPiydk388RjL6Xa37ANXHrrVkU18zfnccIfHwPZRmsHKwd0e2Wb6eP/Nfkyt2Gj41kRx89Xh8YRB4hFEg==",
        "dependencies": {
          "Microsoft.Extensions.Logging.Abstractions": "8.0.3",
          "System.Management": "10.0.0"
        }
      },
      "SolCalc": {
        "type": "Direct",
        "requested": "[1.0.1, )",
        "resolved": "1.0.1",
        "contentHash": "6z8Pqa6hAxGzUNPblvEHpI+K4xhnY+7llWc4iqT5Tf8pO/q2xOeHCvourYHuhLg8XZK77rI/LeVuyA6JYxHZuw==",
        "dependencies": {
          "NodaTime": "3.2.2",
          "Unfucked": "0.0.1-beta.25",
          "Unfucked.DateTime": "0.0.1-beta.3"
        }
      },
      "ThrottleDebounce": {
        "type": "Direct",
        "requested": "[3.0.0-beta5, )",
        "resolved": "3.0.0-beta5",
        "contentHash": "hvmR5CBGzzRAO+jJBkZuPUfXeChZRR9X2vfVLYEo7CffFV2oz4yuX9sj80GqH6oxj5KYXodJ+oGaYOtIE+H5tw=="
      },
      "Unfucked.DateTime": {
        "type": "Direct",
        "requested": "[0.0.1-beta.3, )",
        "resolved": "0.0.1-beta.3",
        "contentHash": "2PlUC2CP87gwAn+TiI++1W6mzZaqtcfnG3XWIu4hEhmn12Nklv5jKUdDEN5trVHsfqizft7vlfmnvOMlf97xMA==",
        "dependencies": {
          "NodaTime": "3.2.2"
        }
      },
      "Unfucked.DI": {
        "type": "Direct",
        "requested": "[0.0.1-beta.12, )",
        "resolved": "0.0.1-beta.12",
        "contentHash": "gKKhu+bGce8G/hhNsrriKzwxQXbfksR6FN6yPdssWsykIcqmuGIPFBpTODiGV81Rr8bQ4mUJizSsoS0MpXia2g==",
        "dependencies": {
          "Unfucked": "0.0.1-beta.26"
        }
      },
      "Unfucked.OBS": {
        "type": "Direct",
        "requested": "[0.0.1-beta.3, )",
        "resolved": "0.0.1-beta.3",
        "contentHash": "q3FF6SJ4LFyKzwYRADVwCcU4pu+6+co9nIJpP/4aChFE9jI4w4CcTTbv4xVGPFxWvxBBYTLCQcn7mhDQrQsGZQ==",
        "dependencies": {
          "OBSClient": "3.0.0"
        }
      },
      "Microsoft.Extensions.Configuration": {
        "type": "Transitive",
        "resolved": "8.0.0",
        "contentHash": "0J/9YNXTMWSZP2p2+nvl8p71zpSwokZXZuJW+VjdErkegAnFdO1XlqtA62SJtgVYHdKu3uPxJHcMR/r35HwFBA==",
        "dependencies": {
          "Microsoft.Extensions.Configuration.Abstractions": "8.0.0",
          "Microsoft.Extensions.Primitives": "8.0.0"
        }
      },
      "Microsoft.Extensions.Configuration.Abstractions": {
        "type": "Transitive",
        "resolved": "8.0.0",
        "contentHash": "3lE/iLSutpgX1CC0NOW70FJoGARRHbyKmG7dc0klnUZ9Dd9hS6N/POPWhKhMLCEuNN5nXEY5agmlFtH562vqhQ==",
        "dependencies": {
          "Microsoft.Extensions.Primitives": "8.0.0"
        }
      },
      "Microsoft.Extensions.Configuration.Binder": {
        "type": "Transitive",
        "resolved": "8.0.2",
        "contentHash": "7IQhGK+wjyGrNsPBjJcZwWAr+Wf6D4+TwOptUt77bWtgNkiV8tDEbhFS+dDamtQFZ2X7kWG9m71iZQRj2x3zgQ==",
        "dependencies": {
          "Microsoft.Extensions.Configuration.Abstractions": "8.0.0"
        }
      },
      "Microsoft.Extensions.Configuration.CommandLine": {
        "type": "Transitive",
        "resolved": "8.0.0",
        "contentHash": "NZuZMz3Q8Z780nKX3ifV1fE7lS+6pynDHK71OfU4OZ1ItgvDOhyOC7E6z+JMZrAj63zRpwbdldYFk499t3+1dQ==",
        "dependencies": {
          "Microsoft.Extensions.Configuration": "8.0.0",
          "Microsoft.Extensions.Configuration.Abstractions": "8.0.0"
        }
      },
      "Microsoft.Extensions.Configuration.EnvironmentVariables": {
        "type": "Transitive",
        "resolved": "8.0.0",
        "contentHash": "plvZ0ZIpq+97gdPNNvhwvrEZ92kNml9hd1pe3idMA7svR0PztdzVLkoWLcRFgySYXUJc3kSM3Xw3mNFMo/bxRA==",
        "dependencies": {
          "Microsoft.Extensions.Configuration": "8.0.0",
          "Microsoft.Extensions.Configuration.Abstractions": "8.0.0"
        }
      },
      "Microsoft.Extensions.Configuration.FileExtensions": {
        "type": "Transitive",
        "resolved": "8.0.1",
        "contentHash": "EJzSNO9oaAXnTdtdNO6npPRsIIeZCBSNmdQ091VDO7fBiOtJAAeEq6dtrVXIi3ZyjC5XRSAtVvF8SzcneRHqKQ==",
        "dependencies": {
          "Microsoft.Extensions.Configuration": "8.0.0",
          "Microsoft.Extensions.Configuration.Abstractions": "8.0.0",
          "Microsoft.Extensions.FileProviders.Abstractions": "8.0.0",
          "Microsoft.Extensions.FileProviders.Physical": "8.0.0",
          "Microsoft.Extensions.Primitives": "8.0.0"
        }
      },
      "Microsoft.Extensions.Configuration.Json": {
        "type": "Transitive",
        "resolved": "8.0.1",
        "contentHash": "L89DLNuimOghjV3tLx0ArFDwVEJD6+uGB3BMCMX01kaLzXkaXHb2021xOMl2QOxUxbdePKUZsUY7n2UUkycjRg==",
        "dependencies": {
          "Microsoft.Extensions.Configuration": "8.0.0",
          "Microsoft.Extensions.Configuration.Abstractions": "8.0.0",
          "Microsoft.Extensions.Configuration.FileExtensions": "8.0.1",
          "Microsoft.Extensions.FileProviders.Abstractions": "8.0.0"
        }
      },
      "Microsoft.Extensions.Configuration.UserSecrets": {
        "type": "Transitive",
        "resolved": "8.0.1",
        "contentHash": "7tYqdPPpAK+3jO9d5LTuCK2VxrEdf85Ol4trUr6ds4jclBecadWZ/RyPCbNjfbN5iGTfUnD/h65TOQuqQv2c+A==",
        "dependencies": {
          "Microsoft.Extensions.Configuration.Abstractions": "8.0.0",
          "Microsoft.Extensions.Configuration.Json": "8.0.1",
          "Microsoft.Extensions.FileProviders.Abstractions": "8.0.0",
          "Microsoft.Extensions.FileProviders.Physical": "8.0.0"
        }
      },
      "Microsoft.Extensions.DependencyInjection": {
        "type": "Transitive",
        "resolved": "9.0.9",
        "contentHash": "zQV2WOSP+3z1EuK91ULxfGgo2Y75bTRnmJHp08+w/YXAyekZutX/qCd88/HOMNh35MDW9mJJJxPpMPS+1Rww8A==",
        "dependencies": {
          "Microsoft.Extensions.DependencyInjection.Abstractions": "9.0.9"
        }
      },
      "Microsoft.Extensions.DependencyInjection.Abstractions": {
        "type": "Transitive",
        "resolved": "9.0.9",
        "contentHash": "/hymojfWbE9AlDOa0mczR44m00Jj+T3+HZO0ZnVTI032fVycI0ZbNOVFP6kqZMcXiLSYXzR2ilcwaRi6dzeGyA=="
      },
      "Microsoft.Extensions.Diagnostics": {
        "type": "Transitive",
        "resolved": "8.0.1",
        "contentHash": "doVPCUUCY7c6LhBsEfiy3W1bvS7Mi6LkfQMS8nlC22jZWNxBv8VO8bdfeyvpYFst6Kxqk7HBC6lytmEoBssvSQ==",
        "dependencies": {
          "Microsoft.Extensions.Configuration": "8.0.0",
          "Microsoft.Extensions.Diagnostics.Abstractions": "8.0.1",
          "Microsoft.Extensions.Options.ConfigurationExtensions": "8.0.0"
        }
      },
      "Microsoft.Extensions.Diagnostics.Abstractions": {
        "type": "Transitive",
        "resolved": "8.0.1",
        "contentHash": "elH2vmwNmsXuKmUeMQ4YW9ldXiF+gSGDgg1vORksob5POnpaI6caj1Hu8zaYbEuibhqCoWg0YRWDazBY3zjBfg==",
        "dependencies": {
          "Microsoft.Extensions.DependencyInjection.Abstractions": "8.0.2",
          "Microsoft.Extensions.Options": "8.0.2"
        }
      },
      "Microsoft.Extensions.FileProviders.Abstractions": {
        "type": "Transitive",
        "resolved": "8.0.0",
        "contentHash": "ZbaMlhJlpisjuWbvXr4LdAst/1XxH3vZ6A0BsgTphZ2L4PGuxRLz7Jr/S7mkAAnOn78Vu0fKhEgNF5JO3zfjqQ==",
        "dependencies": {
          "Microsoft.Extensions.Primitives": "8.0.0"
        }
      },
      "Microsoft.Extensions.FileProviders.Physical": {
        "type": "Transitive",
        "resolved": "8.0.0",
        "contentHash": "UboiXxpPUpwulHvIAVE36Knq0VSHaAmfrFkegLyBZeaADuKezJ/AIXYAW8F5GBlGk/VaibN2k/Zn1ca8YAfVdA==",
        "dependencies": {
          "Microsoft.Extensions.FileProviders.Abstractions": "8.0.0",
          "Microsoft.Extensions.FileSystemGlobbing": "8.0.0",
          "Microsoft.Extensions.Primitives": "8.0.0"
        }
      },
      "Microsoft.Extensions.FileSystemGlobbing": {
        "type": "Transitive",
        "resolved": "8.0.0",
        "contentHash": "OK+670i7esqlQrPjdIKRbsyMCe9g5kSLpRRQGSr4Q58AOYEe/hCnfLZprh7viNisSUUQZmMrbbuDaIrP+V1ebQ=="
      },
      "Microsoft.Extensions.Hosting.Abstractions": {
        "type": "Transitive",
        "resolved": "8.0.1",
        "contentHash": "nHwq9aPBdBPYXPti6wYEEfgXddfBrYC+CQLn+qISiwQq5tpfaqDZSKOJNxoe9rfQxGf1c+2wC/qWFe1QYJPYqw==",
        "dependencies": {
          "Microsoft.Extensions.Configuration.Abstractions": "8.0.0",
          "Microsoft.Extensions.DependencyInjection.Abstractions": "8.0.2",
          "Microsoft.Extensions.Diagnostics.Abstractions": "8.0.1",
          "Microsoft.Extensions.FileProviders.Abstractions": "8.0.0",
          "Microsoft.Extensions.Logging.Abstractions": "8.0.2"
        }
      },
      "Microsoft.Extensions.Logging": {
        "type": "Transitive",
        "resolved": "9.0.9",
        "contentHash": "MaCB0Y9hNDs4YLu3HCJbo199WnJT8xSgajG1JYGANz9FkseQ5f3v/llu3HxLI6mjDlu7pa7ps9BLPWjKzsAAzQ==",
        "dependencies": {
          "Microsoft.Extensions.DependencyInjection": "9.0.9",
          "Microsoft.Extensions.Logging.Abstractions": "9.0.9",
          "Microsoft.Extensions.Options": "9.0.9"
        }
      },
      "Microsoft.Extensions.Logging.Abstractions": {
        "type": "Transitive",
        "resolved": "9.0.9",
        "contentHash": "FEgpSF+Z9StMvrsSViaybOBwR0f0ZZxDm8xV5cSOFiXN/t+ys+rwAlTd/6yG7Ld1gfppgvLcMasZry3GsI9lGA==",
        "dependencies": {
          "Microsoft.Extensions.DependencyInjection.Abstractions": "9.0.9",
          "System.Diagnostics.DiagnosticSource": "9.0.9"
        }
      },
      "Microsoft.Extensions.Logging.Configuration": {
        "type": "Transitive",
        "resolved": "8.0.1",
        "contentHash": "QWwTrsgOnJMmn+XUslm8D2H1n3PkP/u/v52FODtyBc/k4W9r3i2vcXXeeX/upnzllJYRRbrzVzT0OclfNJtBJA==",
        "dependencies": {
          "Microsoft.Extensions.Configuration": "8.0.0",
          "Microsoft.Extensions.Configuration.Abstractions": "8.0.0",
          "Microsoft.Extensions.Configuration.Binder": "8.0.2",
          "Microsoft.Extensions.DependencyInjection.Abstractions": "8.0.2",
          "Microsoft.Extensions.Logging": "8.0.1",
          "Microsoft.Extensions.Logging.Abstractions": "8.0.2",
          "Microsoft.Extensions.Options": "8.0.2",
          "Microsoft.Extensions.Options.ConfigurationExtensions": "8.0.0"
        }
      },
      "Microsoft.Extensions.Logging.Console": {
        "type": "Transitive",
        "resolved": "8.0.1",
        "contentHash": "uzcg/5U2eLyn5LIKlERkdSxw6VPC1yydnOSQiRRWGBGN3kphq3iL4emORzrojScDmxRhv49gp5BI8U3Dz7y4iA==",
        "dependencies": {
          "Microsoft.Extensions.DependencyInjection.Abstractions": "8.0.2",
          "Microsoft.Extensions.Logging": "8.0.1",
          "Microsoft.Extensions.Logging.Abstractions": "8.0.2",
          "Microsoft.Extensions.Logging.Configuration": "8.0.1",
          "Microsoft.Extensions.Options": "8.0.2"
        }
      },
      "Microsoft.Extensions.Logging.Debug": {
        "type": "Transitive",
        "resolved": "8.0.1",
        "contentHash": "B8hqNuYudC2RB+L/DI33uO4rf5by41fZVdcVL2oZj0UyoAZqnwTwYHp1KafoH4nkl1/23piNeybFFASaV2HkFg==",
        "dependencies": {
          "Microsoft.Extensions.DependencyInjection.Abstractions": "8.0.2",
          "Microsoft.Extensions.Logging": "8.0.1",
          "Microsoft.Extensions.Logging.Abstractions": "8.0.2"
        }
      },
      "Microsoft.Extensions.Logging.EventLog": {
        "type": "Transitive",
        "resolved": "8.0.1",
        "contentHash": "ZD1m4GXoxcZeDJIq8qePKj+QAWeQNO/OG8skvrOG8RQfxLp9MAKRoliTc27xanoNUzeqvX5HhS/I7c0BvwAYUg==",
        "dependencies": {
          "Microsoft.Extensions.DependencyInjection.Abstractions": "8.0.2",
          "Microsoft.Extensions.Logging": "8.0.1",
          "Microsoft.Extensions.Logging.Abstractions": "8.0.2",
          "Microsoft.Extensions.Options": "8.0.2",
          "System.Diagnostics.EventLog": "8.0.1"
        }
      },
      "Microsoft.Extensions.Logging.EventSource": {
        "type": "Transitive",
        "resolved": "8.0.1",
        "contentHash": "YMXMAla6B6sEf/SnfZYTty633Ool3AH7KOw2LOaaEqwSo2piK4f7HMtzyc3CNiipDnq1fsUSuG5Oc7ZzpVy8WQ==",
        "dependencies": {
          "Microsoft.Extensions.DependencyInjection.Abstractions": "8.0.2",
          "Microsoft.Extensions.Logging": "8.0.1",
          "Microsoft.Extensions.Logging.Abstractions": "8.0.2",
          "Microsoft.Extensions.Options": "8.0.2",
          "Microsoft.Extensions.Primitives": "8.0.0"
        }
      },
      "Microsoft.Extensions.Options": {
        "type": "Transitive",
        "resolved": "9.0.9",
        "contentHash": "loxGGHE1FC2AefwPHzrjPq7X92LQm64qnU/whKfo6oWaceewPUVYQJBJs3S3E2qlWwnCpeZ+dGCPTX+5dgVAuQ==",
        "dependencies": {
          "Microsoft.Extensions.DependencyInjection.Abstractions": "9.0.9",
          "Microsoft.Extensions.Primitives": "9.0.9"
        }
      },
      "Microsoft.Extensions.Options.ConfigurationExtensions": {
        "type": "Transitive",
        "resolved": "8.0.0",
        "contentHash": "0f4DMRqEd50zQh+UyJc+/HiBsZ3vhAQALgdkcQEalSH1L2isdC7Yj54M3cyo5e+BeO5fcBQ7Dxly8XiBBcvRgw==",
        "dependencies": {
          "Microsoft.Extensions.Configuration.Abstractions": "8.0.0",
          "Microsoft.Extensions.Configuration.Binder": "8.0.0",
          "Microsoft.Extensions.DependencyInjection.Abstractions": "8.0.0",
          "Microsoft.Extensions.Options": "8.0.0",
          "Microsoft.Extensions.Primitives": "8.0.0"
        }
      },
      "Microsoft.Extensions.Primitives": {
        "type": "Transitive",
        "resolved": "9.0.9",
        "contentHash": "z4pyMePOrl733ltTowbN565PxBw1oAr8IHmIXNDiDqd22nFpYltX9KhrNC/qBWAG1/Zx5MHX+cOYhWJQYCO/iw=="
      },
      "NodaTime": {
        "type": "Transitive",
        "resolved": "3.2.2",
        "contentHash": "dmju5W0UYC3QP/UJM0juKAZkH0HSDMp0gH91A0+mT9M0kgyM2Jm67hUZPl/WRQLq8Lijjqmdk8kyAViWFWM7dA=="
      },
      "OBSClient": {
        "type": "Transitive",
        "resolved": "3.0.0",
        "contentHash": "jbyWhSugATKAjm7WBKmV9Bz2ScPPv+iJamnese3gDwAA1sxn3r5lpKvbjNu1aun1AzoTORK5ay77Yg+raR/lzQ==",
        "dependencies": {
          "Microsoft.Extensions.Logging": "9.0.9"
        }
      },
      "System.CodeDom": {
        "type": "Transitive",
        "resolved": "10.0.0",
        "contentHash": "QWERdKi/tQAx+MbrPxTGcpchqMANnVXNiv2r2tILBBB38E74buD+fABSUhozZ1G9kjbadFB0m+HPFMkhJPeFvA=="
      },
      "System.Diagnostics.DiagnosticSource": {
        "type": "Transitive",
        "resolved": "9.0.9",
        "contentHash": "8hy61dsFYYSDjT9iTAfygGMU3A0EAnG69x5FUXeKsCjMhBmtTBt4UMUEW3ipprFoorOW6Jw/7hDMjXtlrsOvVQ=="
      },
      "System.Diagnostics.EventLog": {
        "type": "Transitive",
        "resolved": "8.0.1",
        "contentHash": "n1ZP7NM2Gkn/MgD8+eOT5MulMj6wfeQMNS2Pizvq5GHCZfjlFMXV2irQlQmJhwA2VABC57M0auudO89Iu2uRLg=="
      },
      "System.Management": {
        "type": "Transitive",
        "resolved": "10.0.0",
        "contentHash": "LE3rDZoPzulou78Tsq+3ALhUs4vatQ03v2QWbYVIenVPneUH/+LTUmHyyl098OxIFLQI6sNkZs8YHbUnT/sm3A==",
        "dependencies": {
          "System.CodeDom": "10.0.0"
        }
      },
      "Unfucked": {
        "type": "Transitive",
        "resolved": "0.0.1-beta.26",
        "contentHash": "8kOfxVeTNBcKJ7iMvcTpBdf+Y0NpkdvzRM4azgmNzvBntdzk9jPrDsDEk50TPEszoRSw7kzfNKb6dFeg9YtlXQ=="
      }
    },
    "net8.0/linux-arm": {
      "System.Diagnostics.EventLog": {
        "type": "Transitive",
        "resolved": "8.0.1",
        "contentHash": "n1ZP7NM2Gkn/MgD8+eOT5MulMj6wfeQMNS2Pizvq5GHCZfjlFMXV2irQlQmJhwA2VABC57M0auudO89Iu2uRLg=="
      },
      "System.Management": {
        "type": "Transitive",
        "resolved": "10.0.0",
        "contentHash": "LE3rDZoPzulou78Tsq+3ALhUs4vatQ03v2QWbYVIenVPneUH/+LTUmHyyl098OxIFLQI6sNkZs8YHbUnT/sm3A==",
        "dependencies": {
          "System.CodeDom": "10.0.0"
        }
      }
    },
    "net8.0/linux-arm64": {
      "System.Diagnostics.EventLog": {
        "type": "Transitive",
        "resolved": "8.0.1",
        "contentHash": "n1ZP7NM2Gkn/MgD8+eOT5MulMj6wfeQMNS2Pizvq5GHCZfjlFMXV2irQlQmJhwA2VABC57M0auudO89Iu2uRLg=="
      },
      "System.Management": {
        "type": "Transitive",
        "resolved": "10.0.0",
        "contentHash": "LE3rDZoPzulou78Tsq+3ALhUs4vatQ03v2QWbYVIenVPneUH/+LTUmHyyl098OxIFLQI6sNkZs8YHbUnT/sm3A==",
        "dependencies": {
          "System.CodeDom": "10.0.0"
        }
      }
    },
    "net8.0/linux-x64": {
      "System.Diagnostics.EventLog": {
        "type": "Transitive",
        "resolved": "8.0.1",
        "contentHash": "n1ZP7NM2Gkn/MgD8+eOT5MulMj6wfeQMNS2Pizvq5GHCZfjlFMXV2irQlQmJhwA2VABC57M0auudO89Iu2uRLg=="
      },
      "System.Management": {
        "type": "Transitive",
        "resolved": "10.0.0",
        "contentHash": "LE3rDZoPzulou78Tsq+3ALhUs4vatQ03v2QWbYVIenVPneUH/+LTUmHyyl098OxIFLQI6sNkZs8YHbUnT/sm3A==",
        "dependencies": {
          "System.CodeDom": "10.0.0"
        }
      }
    },
    "net8.0/osx-arm64": {
      "System.Diagnostics.EventLog": {
        "type": "Transitive",
        "resolved": "8.0.1",
        "contentHash": "n1ZP7NM2Gkn/MgD8+eOT5MulMj6wfeQMNS2Pizvq5GHCZfjlFMXV2irQlQmJhwA2VABC57M0auudO89Iu2uRLg=="
      },
      "System.Management": {
        "type": "Transitive",
        "resolved": "10.0.0",
        "contentHash": "LE3rDZoPzulou78Tsq+3ALhUs4vatQ03v2QWbYVIenVPneUH/+LTUmHyyl098OxIFLQI6sNkZs8YHbUnT/sm3A==",
        "dependencies": {
          "System.CodeDom": "10.0.0"
        }
      }
    },
    "net8.0/osx-x64": {
      "System.Diagnostics.EventLog": {
        "type": "Transitive",
        "resolved": "8.0.1",
        "contentHash": "n1ZP7NM2Gkn/MgD8+eOT5MulMj6wfeQMNS2Pizvq5GHCZfjlFMXV2irQlQmJhwA2VABC57M0auudO89Iu2uRLg=="
      },
      "System.Management": {
        "type": "Transitive",
        "resolved": "10.0.0",
        "contentHash": "LE3rDZoPzulou78Tsq+3ALhUs4vatQ03v2QWbYVIenVPneUH/+LTUmHyyl098OxIFLQI6sNkZs8YHbUnT/sm3A==",
        "dependencies": {
          "System.CodeDom": "10.0.0"
        }
      }
    },
    "net8.0/win-arm64": {
      "System.Diagnostics.EventLog": {
        "type": "Transitive",
        "resolved": "8.0.1",
        "contentHash": "n1ZP7NM2Gkn/MgD8+eOT5MulMj6wfeQMNS2Pizvq5GHCZfjlFMXV2irQlQmJhwA2VABC57M0auudO89Iu2uRLg=="
      },
      "System.Management": {
        "type": "Transitive",
        "resolved": "10.0.0",
        "contentHash": "LE3rDZoPzulou78Tsq+3ALhUs4vatQ03v2QWbYVIenVPneUH/+LTUmHyyl098OxIFLQI6sNkZs8YHbUnT/sm3A==",
        "dependencies": {
          "System.CodeDom": "10.0.0"
        }
      }
    },
    "net8.0/win-x64": {
      "System.Diagnostics.EventLog": {
        "type": "Transitive",
        "resolved": "8.0.1",
        "contentHash": "n1ZP7NM2Gkn/MgD8+eOT5MulMj6wfeQMNS2Pizvq5GHCZfjlFMXV2irQlQmJhwA2VABC57M0auudO89Iu2uRLg=="
      },
      "System.Management": {
        "type": "Transitive",
        "resolved": "10.0.0",
        "contentHash": "LE3rDZoPzulou78Tsq+3ALhUs4vatQ03v2QWbYVIenVPneUH/+LTUmHyyl098OxIFLQI6sNkZs8YHbUnT/sm3A==",
        "dependencies": {
          "System.CodeDom": "10.0.0"
        }
      }
    }
  }
}